// !$*UTF8*$!
{
	archiveVersion = 1;
	classes = {
	};
	objectVersion = 50;
	objects = {

/* Begin PBXBuildFile section */
		AF188F3F256BDC9100EBFF4D /* LinkedList.swift in Sources */ = {isa = PBXBuildFile; fileRef = AF188F3E256BDC9100EBFF4D /* LinkedList.swift */; };
		AF188F43256BDDAE00EBFF4D /* LinkedListTest.swift in Sources */ = {isa = PBXBuildFile; fileRef = AF188F42256BDDAE00EBFF4D /* LinkedListTest.swift */; };
		AF188F48256BDE7000EBFF4D /* LinkedList.swift in Sources */ = {isa = PBXBuildFile; fileRef = AF188F3E256BDC9100EBFF4D /* LinkedList.swift */; };
		AF636E5225651E890061E615 /* main.swift in Sources */ = {isa = PBXBuildFile; fileRef = AF636E5125651E890061E615 /* main.swift */; };
		AF636E5C256520070061E615 /* SingleLinkedList.swift in Sources */ = {isa = PBXBuildFile; fileRef = AF636E5A256520070061E615 /* SingleLinkedList.swift */; };
		AF636E5D256520070061E615 /* ArrayList.swift in Sources */ = {isa = PBXBuildFile; fileRef = AF636E5B256520070061E615 /* ArrayList.swift */; };
		AF636E662565207C0061E615 /* DataStructureTest.swift in Sources */ = {isa = PBXBuildFile; fileRef = AF636E652565207C0061E615 /* DataStructureTest.swift */; };
		AF636E6E256520A90061E615 /* ArrayListTest.swift in Sources */ = {isa = PBXBuildFile; fileRef = AF636E6D256520A90061E615 /* ArrayListTest.swift */; };
		AF636E74256520C40061E615 /* Person.swift in Sources */ = {isa = PBXBuildFile; fileRef = AF636E73256520C40061E615 /* Person.swift */; };
		AF636E77256521050061E615 /* ArrayList.swift in Sources */ = {isa = PBXBuildFile; fileRef = AF636E5B256520070061E615 /* ArrayList.swift */; };
		AF636E7A256521090061E615 /* SingleLinkedList.swift in Sources */ = {isa = PBXBuildFile; fileRef = AF636E5A256520070061E615 /* SingleLinkedList.swift */; };
		AF636E7D2565210C0061E615 /* Person.swift in Sources */ = {isa = PBXBuildFile; fileRef = AF636E73256520C40061E615 /* Person.swift */; };
		AF636E8125653E780061E615 /* SingleLinkedListTest.swift in Sources */ = {isa = PBXBuildFile; fileRef = AF636E8025653E780061E615 /* SingleLinkedListTest.swift */; };
		AF642CE2256E7CA500099E6E /* SingleCircleLinkedList.swift in Sources */ = {isa = PBXBuildFile; fileRef = AF642CE1256E7CA500099E6E /* SingleCircleLinkedList.swift */; };
		AF642CE6256E815B00099E6E /* SingleCircleLinkedListTest.swift in Sources */ = {isa = PBXBuildFile; fileRef = AF642CE5256E815B00099E6E /* SingleCircleLinkedListTest.swift */; };
		AF642CED256E818700099E6E /* SingleCircleLinkedList.swift in Sources */ = {isa = PBXBuildFile; fileRef = AF642CE1256E7CA500099E6E /* SingleCircleLinkedList.swift */; };
		AF98F99B25723448001E1234 /* CircleLinkedList.swift in Sources */ = {isa = PBXBuildFile; fileRef = AF98F99A25723448001E1234 /* CircleLinkedList.swift */; };
		AF98F99F25723651001E1234 /* CirleLinkedListTest.swift in Sources */ = {isa = PBXBuildFile; fileRef = AF98F99E25723651001E1234 /* CirleLinkedListTest.swift */; };
		AF98F9A225723672001E1234 /* CircleLinkedList.swift in Sources */ = {isa = PBXBuildFile; fileRef = AF98F99A25723448001E1234 /* CircleLinkedList.swift */; };
		AF98F9AB25725F70001E1234 /* Stack.swift in Sources */ = {isa = PBXBuildFile; fileRef = AF98F9AA25725F70001E1234 /* Stack.swift */; };
		AF98F9B925726598001E1234 /* Queue.swift in Sources */ = {isa = PBXBuildFile; fileRef = AF98F9B825726598001E1234 /* Queue.swift */; };
		AF98F9C62572738A001E1234 /* BinarySearchTree.swift in Sources */ = {isa = PBXBuildFile; fileRef = AF98F9C52572738A001E1234 /* BinarySearchTree.swift */; };
/* End PBXBuildFile section */

/* Begin PBXCopyFilesBuildPhase section */
		AF636E4C25651E890061E615 /* CopyFiles */ = {
			isa = PBXCopyFilesBuildPhase;
			buildActionMask = 2147483647;
			dstPath = /usr/share/man/man1/;
			dstSubfolderSpec = 0;
			files = (
			);
			runOnlyForDeploymentPostprocessing = 1;
		};
/* End PBXCopyFilesBuildPhase section */

/* Begin PBXFileReference section */
		AF188F3E256BDC9100EBFF4D /* LinkedList.swift */ = {isa = PBXFileReference; lastKnownFileType = sourcecode.swift; path = LinkedList.swift; sourceTree = "<group>"; };
		AF188F42256BDDAE00EBFF4D /* LinkedListTest.swift */ = {isa = PBXFileReference; lastKnownFileType = sourcecode.swift; path = LinkedListTest.swift; sourceTree = "<group>"; };
		AF636E4E25651E890061E615 /* DataStructure */ = {isa = PBXFileReference; explicitFileType = "compiled.mach-o.executable"; includeInIndex = 0; path = DataStructure; sourceTree = BUILT_PRODUCTS_DIR; };
		AF636E5125651E890061E615 /* main.swift */ = {isa = PBXFileReference; lastKnownFileType = sourcecode.swift; path = main.swift; sourceTree = "<group>"; };
		AF636E5A256520070061E615 /* SingleLinkedList.swift */ = {isa = PBXFileReference; fileEncoding = 4; lastKnownFileType = sourcecode.swift; path = SingleLinkedList.swift; sourceTree = "<group>"; };
		AF636E5B256520070061E615 /* ArrayList.swift */ = {isa = PBXFileReference; fileEncoding = 4; lastKnownFileType = sourcecode.swift; path = ArrayList.swift; sourceTree = "<group>"; };
		AF636E632565207C0061E615 /* DataStructureTest.xctest */ = {isa = PBXFileReference; explicitFileType = wrapper.cfbundle; includeInIndex = 0; path = DataStructureTest.xctest; sourceTree = BUILT_PRODUCTS_DIR; };
		AF636E652565207C0061E615 /* DataStructureTest.swift */ = {isa = PBXFileReference; lastKnownFileType = sourcecode.swift; path = DataStructureTest.swift; sourceTree = "<group>"; };
		AF636E672565207C0061E615 /* Info.plist */ = {isa = PBXFileReference; lastKnownFileType = text.plist.xml; path = Info.plist; sourceTree = "<group>"; };
		AF636E6D256520A90061E615 /* ArrayListTest.swift */ = {isa = PBXFileReference; lastKnownFileType = sourcecode.swift; path = ArrayListTest.swift; sourceTree = "<group>"; };
		AF636E73256520C40061E615 /* Person.swift */ = {isa = PBXFileReference; lastKnownFileType = sourcecode.swift; path = Person.swift; sourceTree = "<group>"; };
		AF636E8025653E780061E615 /* SingleLinkedListTest.swift */ = {isa = PBXFileReference; lastKnownFileType = sourcecode.swift; path = SingleLinkedListTest.swift; sourceTree = "<group>"; };
		AF642CE1256E7CA500099E6E /* SingleCircleLinkedList.swift */ = {isa = PBXFileReference; lastKnownFileType = sourcecode.swift; path = SingleCircleLinkedList.swift; sourceTree = "<group>"; };
		AF642CE5256E815B00099E6E /* SingleCircleLinkedListTest.swift */ = {isa = PBXFileReference; lastKnownFileType = sourcecode.swift; path = SingleCircleLinkedListTest.swift; sourceTree = "<group>"; };
		AF98F99A25723448001E1234 /* CircleLinkedList.swift */ = {isa = PBXFileReference; fileEncoding = 4; lastKnownFileType = sourcecode.swift; path = CircleLinkedList.swift; sourceTree = "<group>"; };
		AF98F99E25723651001E1234 /* CirleLinkedListTest.swift */ = {isa = PBXFileReference; lastKnownFileType = sourcecode.swift; path = CirleLinkedListTest.swift; sourceTree = "<group>"; };
		AF98F9AA25725F70001E1234 /* Stack.swift */ = {isa = PBXFileReference; lastKnownFileType = sourcecode.swift; path = Stack.swift; sourceTree = "<group>"; };
		AF98F9B825726598001E1234 /* Queue.swift */ = {isa = PBXFileReference; lastKnownFileType = sourcecode.swift; path = Queue.swift; sourceTree = "<group>"; };
		AF98F9C52572738A001E1234 /* BinarySearchTree.swift */ = {isa = PBXFileReference; lastKnownFileType = sourcecode.swift; path = BinarySearchTree.swift; sourceTree = "<group>"; };
/* End PBXFileReference section */

/* Begin PBXFrameworksBuildPhase section */
		AF636E4B25651E890061E615 /* Frameworks */ = {
			isa = PBXFrameworksBuildPhase;
			buildActionMask = 2147483647;
			files = (
			);
			runOnlyForDeploymentPostprocessing = 0;
		};
		AF636E602565207C0061E615 /* Frameworks */ = {
			isa = PBXFrameworksBuildPhase;
			buildActionMask = 2147483647;
			files = (
			);
			runOnlyForDeploymentPostprocessing = 0;
		};
/* End PBXFrameworksBuildPhase section */

/* Begin PBXGroup section */
		AF636E4525651E890061E615 = {
			isa = PBXGroup;
			children = (
				AF636E5025651E890061E615 /* DataStructure */,
				AF636E642565207C0061E615 /* DataStructureTest */,
				AF636E4F25651E890061E615 /* Products */,
			);
			sourceTree = "<group>";
		};
		AF636E4F25651E890061E615 /* Products */ = {
			isa = PBXGroup;
			children = (
				AF636E4E25651E890061E615 /* DataStructure */,
				AF636E632565207C0061E615 /* DataStructureTest.xctest */,
			);
			name = Products;
			sourceTree = "<group>";
		};
		AF636E5025651E890061E615 /* DataStructure */ = {
			isa = PBXGroup;
			children = (
				AF636E8525656B1A0061E615 /* Classes */,
				AF636E8425656B0A0061E615 /* Model */,
				AF636E5125651E890061E615 /* main.swift */,
			);
			path = DataStructure;
			sourceTree = "<group>";
		};
		AF636E642565207C0061E615 /* DataStructureTest */ = {
			isa = PBXGroup;
			children = (
				AF636E652565207C0061E615 /* DataStructureTest.swift */,
				AF636E6D256520A90061E615 /* ArrayListTest.swift */,
				AF636E8025653E780061E615 /* SingleLinkedListTest.swift */,
				AF188F42256BDDAE00EBFF4D /* LinkedListTest.swift */,
				AF642CE5256E815B00099E6E /* SingleCircleLinkedListTest.swift */,
				AF98F99E25723651001E1234 /* CirleLinkedListTest.swift */,
				AF636E672565207C0061E615 /* Info.plist */,
			);
			path = DataStructureTest;
			sourceTree = "<group>";
		};
		AF636E8425656B0A0061E615 /* Model */ = {
			isa = PBXGroup;
			children = (
				AF636E73256520C40061E615 /* Person.swift */,
			);
			path = Model;
			sourceTree = "<group>";
		};
		AF636E8525656B1A0061E615 /* Classes */ = {
			isa = PBXGroup;
			children = (
				AF98F9B7257264A7001E1234 /* 线性表 */,
				AF98F9C425727365001E1234 /* 二叉树 */,
			);
			path = Classes;
			sourceTree = "<group>";
		};
		AF98F9A725725F3B001E1234 /* 动态数组 */ = {
			isa = PBXGroup;
			children = (
				AF636E5B256520070061E615 /* ArrayList.swift */,
			);
			path = "动态数组";
			sourceTree = "<group>";
		};
		AF98F9A825725F44001E1234 /* 链表 */ = {
			isa = PBXGroup;
			children = (
				AF636E5A256520070061E615 /* SingleLinkedList.swift */,
				AF188F3E256BDC9100EBFF4D /* LinkedList.swift */,
				AF642CE1256E7CA500099E6E /* SingleCircleLinkedList.swift */,
				AF98F99A25723448001E1234 /* CircleLinkedList.swift */,
			);
			path = "链表";
			sourceTree = "<group>";
		};
		AF98F9A925725F55001E1234 /* 栈 */ = {
			isa = PBXGroup;
			children = (
				AF98F9AA25725F70001E1234 /* Stack.swift */,
			);
			path = "栈";
			sourceTree = "<group>";
		};
		AF98F9B62572648A001E1234 /* 队列 */ = {
			isa = PBXGroup;
			children = (
				AF98F9B825726598001E1234 /* Queue.swift */,
			);
			path = "队列";
			sourceTree = "<group>";
		};
		AF98F9B7257264A7001E1234 /* 线性表 */ = {
			isa = PBXGroup;
			children = (
				AF98F9A725725F3B001E1234 /* 动态数组 */,
				AF98F9A825725F44001E1234 /* 链表 */,
				AF98F9A925725F55001E1234 /* 栈 */,
				AF98F9B62572648A001E1234 /* 队列 */,
			);
			path = "线性表";
			sourceTree = "<group>";
		};
		AF98F9C425727365001E1234 /* 二叉树 */ = {
			isa = PBXGroup;
			children = (
				AF98F9C52572738A001E1234 /* BinarySearchTree.swift */,
			);
			path = "二叉树";
			sourceTree = "<group>";
		};
/* End PBXGroup section */

/* Begin PBXNativeTarget section */
		AF636E4D25651E890061E615 /* DataStructure */ = {
			isa = PBXNativeTarget;
			buildConfigurationList = AF636E5525651E890061E615 /* Build configuration list for PBXNativeTarget "DataStructure" */;
			buildPhases = (
				AF636E4A25651E890061E615 /* Sources */,
				AF636E4B25651E890061E615 /* Frameworks */,
				AF636E4C25651E890061E615 /* CopyFiles */,
			);
			buildRules = (
			);
			dependencies = (
			);
			name = DataStructure;
			productName = DataStructure;
			productReference = AF636E4E25651E890061E615 /* DataStructure */;
			productType = "com.apple.product-type.tool";
		};
		AF636E622565207C0061E615 /* DataStructureTest */ = {
			isa = PBXNativeTarget;
			buildConfigurationList = AF636E682565207C0061E615 /* Build configuration list for PBXNativeTarget "DataStructureTest" */;
			buildPhases = (
				AF636E5F2565207C0061E615 /* Sources */,
				AF636E602565207C0061E615 /* Frameworks */,
				AF636E612565207C0061E615 /* Resources */,
			);
			buildRules = (
			);
			dependencies = (
			);
			name = DataStructureTest;
			productName = DataStructureTest;
			productReference = AF636E632565207C0061E615 /* DataStructureTest.xctest */;
			productType = "com.apple.product-type.bundle.unit-test";
		};
/* End PBXNativeTarget section */

/* Begin PBXProject section */
		AF636E4625651E890061E615 /* Project object */ = {
			isa = PBXProject;
			attributes = {
				LastSwiftUpdateCheck = 1220;
				LastUpgradeCheck = 1220;
				TargetAttributes = {
					AF636E4D25651E890061E615 = {
						CreatedOnToolsVersion = 12.2;
					};
					AF636E622565207C0061E615 = {
						CreatedOnToolsVersion = 12.2;
					};
				};
			};
			buildConfigurationList = AF636E4925651E890061E615 /* Build configuration list for PBXProject "DataStructure" */;
			compatibilityVersion = "Xcode 9.3";
			developmentRegion = en;
			hasScannedForEncodings = 0;
			knownRegions = (
				en,
				Base,
			);
			mainGroup = AF636E4525651E890061E615;
			productRefGroup = AF636E4F25651E890061E615 /* Products */;
			projectDirPath = "";
			projectRoot = "";
			targets = (
				AF636E4D25651E890061E615 /* DataStructure */,
				AF636E622565207C0061E615 /* DataStructureTest */,
			);
		};
/* End PBXProject section */

/* Begin PBXResourcesBuildPhase section */
		AF636E612565207C0061E615 /* Resources */ = {
			isa = PBXResourcesBuildPhase;
			buildActionMask = 2147483647;
			files = (
			);
			runOnlyForDeploymentPostprocessing = 0;
		};
/* End PBXResourcesBuildPhase section */

/* Begin PBXSourcesBuildPhase section */
		AF636E4A25651E890061E615 /* Sources */ = {
			isa = PBXSourcesBuildPhase;
			buildActionMask = 2147483647;
			files = (
				AF642CE2256E7CA500099E6E /* SingleCircleLinkedList.swift in Sources */,
				AF636E5C256520070061E615 /* SingleLinkedList.swift in Sources */,
				AF636E5D256520070061E615 /* ArrayList.swift in Sources */,
				AF98F99B25723448001E1234 /* CircleLinkedList.swift in Sources */,
				AF98F9C62572738A001E1234 /* BinarySearchTree.swift in Sources */,
				AF98F9AB25725F70001E1234 /* Stack.swift in Sources */,
				AF188F3F256BDC9100EBFF4D /* LinkedList.swift in Sources */,
				AF636E74256520C40061E615 /* Person.swift in Sources */,
				AF98F9B925726598001E1234 /* Queue.swift in Sources */,
				AF636E5225651E890061E615 /* main.swift in Sources */,
			);
			runOnlyForDeploymentPostprocessing = 0;
		};
		AF636E5F2565207C0061E615 /* Sources */ = {
			isa = PBXSourcesBuildPhase;
			buildActionMask = 2147483647;
			files = (
				AF98F99F25723651001E1234 /* CirleLinkedListTest.swift in Sources */,
				AF636E7D2565210C0061E615 /* Person.swift in Sources */,
				AF642CE6256E815B00099E6E /* SingleCircleLinkedListTest.swift in Sources */,
				AF642CED256E818700099E6E /* SingleCircleLinkedList.swift in Sources */,
				AF188F43256BDDAE00EBFF4D /* LinkedListTest.swift in Sources */,
				AF636E662565207C0061E615 /* DataStructureTest.swift in Sources */,
				AF98F9A225723672001E1234 /* CircleLinkedList.swift in Sources */,
				AF636E8125653E780061E615 /* SingleLinkedListTest.swift in Sources */,
				AF636E77256521050061E615 /* ArrayList.swift in Sources */,
				AF636E7A256521090061E615 /* SingleLinkedList.swift in Sources */,
				AF188F48256BDE7000EBFF4D /* LinkedList.swift in Sources */,
				AF636E6E256520A90061E615 /* ArrayListTest.swift in Sources */,
			);
			runOnlyForDeploymentPostprocessing = 0;
		};
/* End PBXSourcesBuildPhase section */

/* Begin XCBuildConfiguration section */
		AF636E5325651E890061E615 /* Debug */ = {
			isa = XCBuildConfiguration;
			buildSettings = {
				ALWAYS_SEARCH_USER_PATHS = NO;
				CLANG_ANALYZER_NONNULL = YES;
				CLANG_ANALYZER_NUMBER_OBJECT_CONVERSION = YES_AGGRESSIVE;
				CLANG_CXX_LANGUAGE_STANDARD = "gnu++14";
				CLANG_CXX_LIBRARY = "libc++";
				CLANG_ENABLE_MODULES = YES;
				CLANG_ENABLE_OBJC_ARC = YES;
				CLANG_ENABLE_OBJC_WEAK = YES;
				CLANG_WARN_BLOCK_CAPTURE_AUTORELEASING = YES;
				CLANG_WARN_BOOL_CONVERSION = YES;
				CLANG_WARN_COMMA = YES;
				CLANG_WARN_CONSTANT_CONVERSION = YES;
				CLANG_WARN_DEPRECATED_OBJC_IMPLEMENTATIONS = YES;
				CLANG_WARN_DIRECT_OBJC_ISA_USAGE = YES_ERROR;
				CLANG_WARN_DOCUMENTATION_COMMENTS = YES;
				CLANG_WARN_EMPTY_BODY = YES;
				CLANG_WARN_ENUM_CONVERSION = YES;
				CLANG_WARN_INFINITE_RECURSION = YES;
				CLANG_WARN_INT_CONVERSION = YES;
				CLANG_WARN_NON_LITERAL_NULL_CONVERSION = YES;
				CLANG_WARN_OBJC_IMPLICIT_RETAIN_SELF = YES;
				CLANG_WARN_OBJC_LITERAL_CONVERSION = YES;
				CLANG_WARN_OBJC_ROOT_CLASS = YES_ERROR;
				CLANG_WARN_QUOTED_INCLUDE_IN_FRAMEWORK_HEADER = YES;
				CLANG_WARN_RANGE_LOOP_ANALYSIS = YES;
				CLANG_WARN_STRICT_PROTOTYPES = YES;
				CLANG_WARN_SUSPICIOUS_MOVE = YES;
				CLANG_WARN_UNGUARDED_AVAILABILITY = YES_AGGRESSIVE;
				CLANG_WARN_UNREACHABLE_CODE = YES;
				CLANG_WARN__DUPLICATE_METHOD_MATCH = YES;
				COPY_PHASE_STRIP = NO;
				DEBUG_INFORMATION_FORMAT = dwarf;
				ENABLE_STRICT_OBJC_MSGSEND = YES;
				ENABLE_TESTABILITY = YES;
				GCC_C_LANGUAGE_STANDARD = gnu11;
				GCC_DYNAMIC_NO_PIC = NO;
				GCC_NO_COMMON_BLOCKS = YES;
				GCC_OPTIMIZATION_LEVEL = 0;
				GCC_PREPROCESSOR_DEFINITIONS = (
					"DEBUG=1",
					"$(inherited)",
				);
				GCC_WARN_64_TO_32_BIT_CONVERSION = YES;
				GCC_WARN_ABOUT_RETURN_TYPE = YES_ERROR;
				GCC_WARN_UNDECLARED_SELECTOR = YES;
				GCC_WARN_UNINITIALIZED_AUTOS = YES_AGGRESSIVE;
				GCC_WARN_UNUSED_FUNCTION = YES;
				GCC_WARN_UNUSED_VARIABLE = YES;
				MACOSX_DEPLOYMENT_TARGET = 11.0;
				MTL_ENABLE_DEBUG_INFO = INCLUDE_SOURCE;
				MTL_FAST_MATH = YES;
				ONLY_ACTIVE_ARCH = YES;
				SDKROOT = macosx;
				SWIFT_ACTIVE_COMPILATION_CONDITIONS = DEBUG;
				SWIFT_OPTIMIZATION_LEVEL = "-Onone";
			};
			name = Debug;
		};
		AF636E5425651E890061E615 /* Release */ = {
			isa = XCBuildConfiguration;
			buildSettings = {
				ALWAYS_SEARCH_USER_PATHS = NO;
				CLANG_ANALYZER_NONNULL = YES;
				CLANG_ANALYZER_NUMBER_OBJECT_CONVERSION = YES_AGGRESSIVE;
				CLANG_CXX_LANGUAGE_STANDARD = "gnu++14";
				CLANG_CXX_LIBRARY = "libc++";
				CLANG_ENABLE_MODULES = YES;
				CLANG_ENABLE_OBJC_ARC = YES;
				CLANG_ENABLE_OBJC_WEAK = YES;
				CLANG_WARN_BLOCK_CAPTURE_AUTORELEASING = YES;
				CLANG_WARN_BOOL_CONVERSION = YES;
				CLANG_WARN_COMMA = YES;
				CLANG_WARN_CONSTANT_CONVERSION = YES;
				CLANG_WARN_DEPRECATED_OBJC_IMPLEMENTATIONS = YES;
				CLANG_WARN_DIRECT_OBJC_ISA_USAGE = YES_ERROR;
				CLANG_WARN_DOCUMENTATION_COMMENTS = YES;
				CLANG_WARN_EMPTY_BODY = YES;
				CLANG_WARN_ENUM_CONVERSION = YES;
				CLANG_WARN_INFINITE_RECURSION = YES;
				CLANG_WARN_INT_CONVERSION = YES;
				CLANG_WARN_NON_LITERAL_NULL_CONVERSION = YES;
				CLANG_WARN_OBJC_IMPLICIT_RETAIN_SELF = YES;
				CLANG_WARN_OBJC_LITERAL_CONVERSION = YES;
				CLANG_WARN_OBJC_ROOT_CLASS = YES_ERROR;
				CLANG_WARN_QUOTED_INCLUDE_IN_FRAMEWORK_HEADER = YES;
				CLANG_WARN_RANGE_LOOP_ANALYSIS = YES;
				CLANG_WARN_STRICT_PROTOTYPES = YES;
				CLANG_WARN_SUSPICIOUS_MOVE = YES;
				CLANG_WARN_UNGUARDED_AVAILABILITY = YES_AGGRESSIVE;
				CLANG_WARN_UNREACHABLE_CODE = YES;
				CLANG_WARN__DUPLICATE_METHOD_MATCH = YES;
				COPY_PHASE_STRIP = NO;
				DEBUG_INFORMATION_FORMAT = "dwarf-with-dsym";
				ENABLE_NS_ASSERTIONS = NO;
				ENABLE_STRICT_OBJC_MSGSEND = YES;
				GCC_C_LANGUAGE_STANDARD = gnu11;
				GCC_NO_COMMON_BLOCKS = YES;
				GCC_WARN_64_TO_32_BIT_CONVERSION = YES;
				GCC_WARN_ABOUT_RETURN_TYPE = YES_ERROR;
				GCC_WARN_UNDECLARED_SELECTOR = YES;
				GCC_WARN_UNINITIALIZED_AUTOS = YES_AGGRESSIVE;
				GCC_WARN_UNUSED_FUNCTION = YES;
				GCC_WARN_UNUSED_VARIABLE = YES;
				MACOSX_DEPLOYMENT_TARGET = 11.0;
				MTL_ENABLE_DEBUG_INFO = NO;
				MTL_FAST_MATH = YES;
				SDKROOT = macosx;
				SWIFT_COMPILATION_MODE = wholemodule;
				SWIFT_OPTIMIZATION_LEVEL = "-O";
			};
			name = Release;
		};
		AF636E5625651E890061E615 /* Debug */ = {
			isa = XCBuildConfiguration;
			buildSettings = {
				CODE_SIGN_STYLE = Automatic;
				DEVELOPMENT_TEAM = RJ3HT64AS6;
				ENABLE_HARDENED_RUNTIME = YES;
				PRODUCT_NAME = "$(TARGET_NAME)";
				SWIFT_VERSION = 5.0;
			};
			name = Debug;
		};
		AF636E5725651E890061E615 /* Release */ = {
			isa = XCBuildConfiguration;
			buildSettings = {
				CODE_SIGN_STYLE = Automatic;
				DEVELOPMENT_TEAM = RJ3HT64AS6;
				ENABLE_HARDENED_RUNTIME = YES;
				PRODUCT_NAME = "$(TARGET_NAME)";
				SWIFT_VERSION = 5.0;
			};
			name = Release;
		};
		AF636E692565207C0061E615 /* Debug */ = {
			isa = XCBuildConfiguration;
			buildSettings = {
				CODE_SIGN_STYLE = Automatic;
				COMBINE_HIDPI_IMAGES = YES;
				DEVELOPMENT_TEAM = RJ3HT64AS6;
				INFOPLIST_FILE = DataStructureTest/Info.plist;
				LD_RUNPATH_SEARCH_PATHS = (
					"$(inherited)",
					"@executable_path/../Frameworks",
					"@loader_path/../Frameworks",
				);
				PRODUCT_BUNDLE_IDENTIFIER = com.rencheng.datastructure.DataStructureTest;
				PRODUCT_NAME = "$(TARGET_NAME)";
				SWIFT_VERSION = 5.0;
			};
			name = Debug;
		};
		AF636E6A2565207C0061E615 /* Release */ = {
			isa = XCBuildConfiguration;
			buildSettings = {
				CODE_SIGN_STYLE = Automatic;
				COMBINE_HIDPI_IMAGES = YES;
				DEVELOPMENT_TEAM = RJ3HT64AS6;
				INFOPLIST_FILE = DataStructureTest/Info.plist;
				LD_RUNPATH_SEARCH_PATHS = (
					"$(inherited)",
					"@executable_path/../Frameworks",
					"@loader_path/../Frameworks",
				);
				PRODUCT_BUNDLE_IDENTIFIER = com.rencheng.datastructure.DataStructureTest;
				PRODUCT_NAME = "$(TARGET_NAME)";
				SWIFT_VERSION = 5.0;
			};
			name = Release;
		};
/* End XCBuildConfiguration section */

/* Begin XCConfigurationList section */
		AF636E4925651E890061E615 /* Build configuration list for PBXProject "DataStructure" */ = {
			isa = XCConfigurationList;
			buildConfigurations = (
				AF636E5325651E890061E615 /* Debug */,
				AF636E5425651E890061E615 /* Release */,
			);
			defaultConfigurationIsVisible = 0;
			defaultConfigurationName = Release;
		};
		AF636E5525651E890061E615 /* Build configuration list for PBXNativeTarget "DataStructure" */ = {
			isa = XCConfigurationList;
			buildConfigurations = (
				AF636E5625651E890061E615 /* Debug */,
				AF636E5725651E890061E615 /* Release */,
			);
			defaultConfigurationIsVisible = 0;
			defaultConfigurationName = Release;
		};
		AF636E682565207C0061E615 /* Build configuration list for PBXNativeTarget "DataStructureTest" */ = {
			isa = XCConfigurationList;
			buildConfigurations = (
				AF636E692565207C0061E615 /* Debug */,
				AF636E6A2565207C0061E615 /* Release */,
			);
			defaultConfigurationIsVisible = 0;
			defaultConfigurationName = Release;
		};
/* End XCConfigurationList section */
	};
	rootObject = AF636E4625651E890061E615 /* Project object */;
}
